// !$*UTF8*$!
{
	archiveVersion = 1;
	classes = {
	};
	objectVersion = 45;
	objects = {

/* Begin PBXBuildFile section */
		2C05A19C06CAA52B00D84F6F /* GetMetadataForFile.m in Sources */ = {isa = PBXBuildFile; fileRef = 2C05A19B06CAA52B00D84F6F /* GetMetadataForFile.m */; };
		52D8BD0D10DF1CDF0026CAF5 /* schema.xml in Resources */ = {isa = PBXBuildFile; fileRef = C88FB7D7067446EC006EBB30 /* schema.xml */; };
		52D8BD0E10DF1CE70026CAF5 /* schema.strings in Resources */ = {isa = PBXBuildFile; fileRef = C88FB7E30674480E006EBB30 /* schema.strings */; };
		8D576312048677EA00EA77CD /* main.c in Sources */ = {isa = PBXBuildFile; fileRef = 08FB77B6FE84183AC02AAC07 /* main.c */; settings = {ATTRIBUTES = (); }; };
		8D576314048677EA00EA77CD /* CoreFoundation.framework in Frameworks */ = {isa = PBXBuildFile; fileRef = 0AA1909FFE8422F4C02AAC07 /* CoreFoundation.framework */; };
		8D5B49A804867FD3000E48DA /* InfoPlist.strings in Resources */ = {isa = PBXBuildFile; fileRef = 8D5B49A704867FD3000E48DA /* InfoPlist.strings */; };
		96400BAF10E06ECE00052C98 /* AUTHORS in Resources */ = {isa = PBXBuildFile; fileRef = 96400BAE10E06ECE00052C98 /* AUTHORS */; };
		9665B8C91012B6E2007F87B4 /* lemon.c in Sources */ = {isa = PBXBuildFile; fileRef = 9665B8C71012B6E2007F87B4 /* lemon.c */; };
		9665B8D91012B95D007F87B4 /* sgfparse.y in Sources */ = {isa = PBXBuildFile; fileRef = 9665B8D71012B959007F87B4 /* sgfparse.y */; };
		9665B8E01012BA9A007F87B4 /* lempar.c in CopyFiles */ = {isa = PBXBuildFile; fileRef = 9665B8C81012B6E2007F87B4 /* lempar.c */; };
		9665B9061012BD52007F87B4 /* sgfscan.rl in Sources */ = {isa = PBXBuildFile; fileRef = 9665B8D81012B959007F87B4 /* sgfscan.rl */; };
		9665B9121012BEE3007F87B4 /* Cocoa.framework in Frameworks */ = {isa = PBXBuildFile; fileRef = 9665B9111012BEE3007F87B4 /* Cocoa.framework */; };
		9665BA141012F4D2007F87B4 /* SGFImporter.h in Headers */ = {isa = PBXBuildFile; fileRef = 9665BA121012F4D2007F87B4 /* SGFImporter.h */; };
		9665BA151012F4D2007F87B4 /* SGFImporter.m in Sources */ = {isa = PBXBuildFile; fileRef = 9665BA131012F4D2007F87B4 /* SGFImporter.m */; };
		C86B05270671AA6E00DD9006 /* CoreServices.framework in Frameworks */ = {isa = PBXBuildFile; fileRef = C86B05260671AA6E00DD9006 /* CoreServices.framework */; };
/* End PBXBuildFile section */

/* Begin PBXBuildRule section */
		9665B8D31012B740007F87B4 /* PBXBuildRule */ = {
			isa = PBXBuildRule;
			compilerSpec = com.apple.compilers.proxy.script;
			filePatterns = "*.y";
			fileType = pattern.proxy;
			isEditable = 1;
			outputFiles = (
				"$(INPUT_FILE_DIR)/$(INPUT_FILE_BASE).c",
			);
			script = "${CONFIGURATION_BUILD_DIR}/lemon -s ${INPUT_FILE_PATH}";
		};
		9665B8FF1012BCE6007F87B4 /* PBXBuildRule */ = {
			isa = PBXBuildRule;
			compilerSpec = com.apple.compilers.proxy.script;
			filePatterns = "*.rl";
			fileType = pattern.proxy;
			isEditable = 1;
			outputFiles = (
				"${DERIVED_FILES_DIR}/${INPUT_FILE_BASE}.c",
			);
			script = "/usr/local/bin/ragel -C -G2 \"${INPUT_FILE_PATH}\" -o \"${DERIVED_FILES_DIR}/${INPUT_FILE_BASE}.c\"";
		};
/* End PBXBuildRule section */

/* Begin PBXContainerItemProxy section */
		9665B8CE1012B6EC007F87B4 /* PBXContainerItemProxy */ = {
			isa = PBXContainerItemProxy;
			containerPortal = 089C1669FE841209C02AAC07 /* Project object */;
			proxyType = 1;
			remoteGlobalIDString = 9665B8BE1012B6BB007F87B4;
			remoteInfo = lemon;
		};
/* End PBXContainerItemProxy section */

/* Begin PBXCopyFilesBuildPhase section */
		9665B8E31012BA9E007F87B4 /* CopyFiles */ = {
			isa = PBXCopyFilesBuildPhase;
			buildActionMask = 2147483647;
			dstPath = "";
			dstSubfolderSpec = 16;
			files = (
				9665B8E01012BA9A007F87B4 /* lempar.c in CopyFiles */,
			);
			runOnlyForDeploymentPostprocessing = 0;
		};
/* End PBXCopyFilesBuildPhase section */

/* Begin PBXFileReference section */
		089C167EFE841241C02AAC07 /* English */ = {isa = PBXFileReference; fileEncoding = 10; lastKnownFileType = text.plist.strings; name = English; path = English.lproj/InfoPlist.strings; sourceTree = "<group>"; };
		08FB77B6FE84183AC02AAC07 /* main.c */ = {isa = PBXFileReference; fileEncoding = 4; lastKnownFileType = sourcecode.c.c; path = main.c; sourceTree = "<group>"; };
		0AA1909FFE8422F4C02AAC07 /* CoreFoundation.framework */ = {isa = PBXFileReference; lastKnownFileType = wrapper.framework; name = CoreFoundation.framework; path = /System/Library/Frameworks/CoreFoundation.framework; sourceTree = "<absolute>"; };
		2C05A19B06CAA52B00D84F6F /* GetMetadataForFile.m */ = {isa = PBXFileReference; fileEncoding = 4; lastKnownFileType = sourcecode.c.objc; path = GetMetadataForFile.m; sourceTree = "<group>"; };
		52D8BBC210DDE3C00026CAF5 /* SGFimporter Prop-Attr Mapping.rtf */ = {isa = PBXFileReference; lastKnownFileType = text.rtf; path = "SGFimporter Prop-Attr Mapping.rtf"; sourceTree = "<group>"; };
		52D8BC0A10DDE7990026CAF5 /* To Do List.rtf */ = {isa = PBXFileReference; lastKnownFileType = text.rtf; path = "To Do List.rtf"; sourceTree = "<group>"; };
		52D8BC6910DECD040026CAF5 /* johnVsGnu.sgf */ = {isa = PBXFileReference; fileEncoding = 4; lastKnownFileType = text; name = johnVsGnu.sgf; path = testfiles/johnVsGnu.sgf; sourceTree = "<group>"; };
		52D8BC6A10DECD040026CAF5 /* test.sgf */ = {isa = PBXFileReference; fileEncoding = 4; lastKnownFileType = text; name = test.sgf; path = testfiles/test.sgf; sourceTree = "<group>"; };
		8D576316048677EA00EA77CD /* SGF.mdimporter */ = {isa = PBXFileReference; explicitFileType = wrapper.cfbundle; includeInIndex = 0; path = SGF.mdimporter; sourceTree = BUILT_PRODUCTS_DIR; };
		8D576317048677EA00EA77CD /* Info.plist */ = {isa = PBXFileReference; fileEncoding = 4; lastKnownFileType = text.plist; path = Info.plist; sourceTree = "<group>"; };
		96400BAD10E06E4E00052C98 /* LICENSE */ = {isa = PBXFileReference; fileEncoding = 4; lastKnownFileType = text; path = LICENSE; sourceTree = "<group>"; };
		96400BAE10E06ECE00052C98 /* AUTHORS */ = {isa = PBXFileReference; fileEncoding = 4; lastKnownFileType = text; path = AUTHORS; sourceTree = "<group>"; };
		9665B8BF1012B6BB007F87B4 /* lemon */ = {isa = PBXFileReference; explicitFileType = "compiled.mach-o.executable"; includeInIndex = 0; path = lemon; sourceTree = BUILT_PRODUCTS_DIR; };
		9665B8C71012B6E2007F87B4 /* lemon.c */ = {isa = PBXFileReference; fileEncoding = 4; lastKnownFileType = sourcecode.c.c; name = lemon.c; path = tools/lemon.c; sourceTree = "<group>"; };
		9665B8C81012B6E2007F87B4 /* lempar.c */ = {isa = PBXFileReference; fileEncoding = 4; lastKnownFileType = sourcecode.c.c; name = lempar.c; path = tools/lempar.c; sourceTree = "<group>"; };
		9665B8D71012B959007F87B4 /* sgfparse.y */ = {isa = PBXFileReference; fileEncoding = 4; lastKnownFileType = sourcecode.yacc; name = sgfparse.y; path = sgf/sgfparse.y; sourceTree = "<group>"; };
		9665B8D81012B959007F87B4 /* sgfscan.rl */ = {isa = PBXFileReference; fileEncoding = 4; lastKnownFileType = text; name = sgfscan.rl; path = sgf/sgfscan.rl; sourceTree = "<group>"; };
		9665B8F61012BC42007F87B4 /* sgf_parser.h */ = {isa = PBXFileReference; fileEncoding = 4; lastKnownFileType = sourcecode.c.h; name = sgf_parser.h; path = sgf/sgf_parser.h; sourceTree = "<group>"; };
		9665B9111012BEE3007F87B4 /* Cocoa.framework */ = {isa = PBXFileReference; lastKnownFileType = wrapper.framework; name = Cocoa.framework; path = System/Library/Frameworks/Cocoa.framework; sourceTree = SDKROOT; };
		9665BA121012F4D2007F87B4 /* SGFImporter.h */ = {isa = PBXFileReference; fileEncoding = 4; lastKnownFileType = sourcecode.c.h; path = SGFImporter.h; sourceTree = "<group>"; };
		9665BA131012F4D2007F87B4 /* SGFImporter.m */ = {isa = PBXFileReference; fileEncoding = 4; lastKnownFileType = sourcecode.c.objc; path = SGFImporter.m; sourceTree = "<group>"; };
		96BB9C2F10E07EC700F46049 /* Project-Base.xcconfig */ = {isa = PBXFileReference; fileEncoding = 4; lastKnownFileType = text.xcconfig; name = "Project-Base.xcconfig"; path = "Config/Project-Base.xcconfig"; sourceTree = "<group>"; };
		96BB9C3010E07EC700F46049 /* Project-Coverage.xcconfig */ = {isa = PBXFileReference; fileEncoding = 4; lastKnownFileType = text.xcconfig; name = "Project-Coverage.xcconfig"; path = "Config/Project-Coverage.xcconfig"; sourceTree = "<group>"; };
		96BB9C3110E07EC700F46049 /* Project-Debug.xcconfig */ = {isa = PBXFileReference; fileEncoding = 4; lastKnownFileType = text.xcconfig; name = "Project-Debug.xcconfig"; path = "Config/Project-Debug.xcconfig"; sourceTree = "<group>"; };
		96BB9C3210E07EC700F46049 /* Project-Release.xcconfig */ = {isa = PBXFileReference; fileEncoding = 4; lastKnownFileType = text.xcconfig; name = "Project-Release.xcconfig"; path = "Config/Project-Release.xcconfig"; sourceTree = "<group>"; };
		96BB9CC810E0842600F46049 /* Readme.md */ = {isa = PBXFileReference; fileEncoding = 4; lastKnownFileType = text; path = Readme.md; sourceTree = "<group>"; };
		C86B05260671AA6E00DD9006 /* CoreServices.framework */ = {isa = PBXFileReference; lastKnownFileType = wrapper.framework; name = CoreServices.framework; path = /System/Library/Frameworks/CoreServices.framework; sourceTree = "<absolute>"; };
		C88FB7D7067446EC006EBB30 /* schema.xml */ = {isa = PBXFileReference; fileEncoding = 4; lastKnownFileType = text.xml; path = schema.xml; sourceTree = "<group>"; };
		C88FB7DB0674470F006EBB30 /* English */ = {isa = PBXFileReference; fileEncoding = 10; lastKnownFileType = text.plist.strings; name = English; path = English.lproj/schema.strings; sourceTree = "<group>"; };
/* End PBXFileReference section */

/* Begin PBXFrameworksBuildPhase section */
		8D576313048677EA00EA77CD /* Frameworks */ = {
			isa = PBXFrameworksBuildPhase;
			buildActionMask = 2147483647;
			files = (
				8D576314048677EA00EA77CD /* CoreFoundation.framework in Frameworks */,
				C86B05270671AA6E00DD9006 /* CoreServices.framework in Frameworks */,
				9665B9121012BEE3007F87B4 /* Cocoa.framework in Frameworks */,
			);
			runOnlyForDeploymentPostprocessing = 0;
		};
		9665B8BD1012B6BB007F87B4 /* Frameworks */ = {
			isa = PBXFrameworksBuildPhase;
			buildActionMask = 2147483647;
			files = (
			);
			runOnlyForDeploymentPostprocessing = 0;
		};
/* End PBXFrameworksBuildPhase section */

/* Begin PBXGroup section */
		089C166AFE841209C02AAC07 /* SGFImporter */ = {
			isa = PBXGroup;
			children = (
				96BB9C2D10E07EBA00F46049 /* Config */,
				52D8BBD510DDE5460026CAF5 /* Documentation */,
				9665B8D61012B917007F87B4 /* SGF Parser */,
				08FB77AFFE84173DC02AAC07 /* Spotlight Importer */,
				089C167CFE841241C02AAC07 /* Resources */,
				9665B8C51012B6C9007F87B4 /* Tools */,
				52D8BC6810DECCE30026CAF5 /* Test Files */,
				089C1671FE841209C02AAC07 /* External Frameworks and Libraries */,
				19C28FB6FE9D52B211CA2CBB /* Products */,
			);
			name = SGFImporter;
			sourceTree = "<group>";
		};
		089C1671FE841209C02AAC07 /* External Frameworks and Libraries */ = {
			isa = PBXGroup;
			children = (
				9665B9111012BEE3007F87B4 /* Cocoa.framework */,
				C86B05260671AA6E00DD9006 /* CoreServices.framework */,
				0AA1909FFE8422F4C02AAC07 /* CoreFoundation.framework */,
			);
			name = "External Frameworks and Libraries";
			sourceTree = "<group>";
		};
		089C167CFE841241C02AAC07 /* Resources */ = {
			isa = PBXGroup;
			children = (
				C88FB7E30674480E006EBB30 /* schema.strings */,
				C88FB7D7067446EC006EBB30 /* schema.xml */,
				8D576317048677EA00EA77CD /* Info.plist */,
				8D5B49A704867FD3000E48DA /* InfoPlist.strings */,
			);
			name = Resources;
			sourceTree = "<group>";
		};
		08FB77AFFE84173DC02AAC07 /* Spotlight Importer */ = {
			isa = PBXGroup;
			children = (
				2C05A19B06CAA52B00D84F6F /* GetMetadataForFile.m */,
				08FB77B6FE84183AC02AAC07 /* main.c */,
				9665BA121012F4D2007F87B4 /* SGFImporter.h */,
				9665BA131012F4D2007F87B4 /* SGFImporter.m */,
			);
			name = "Spotlight Importer";
			sourceTree = "<group>";
		};
		19C28FB6FE9D52B211CA2CBB /* Products */ = {
			isa = PBXGroup;
			children = (
				8D576316048677EA00EA77CD /* SGF.mdimporter */,
				9665B8BF1012B6BB007F87B4 /* lemon */,
			);
			name = Products;
			sourceTree = "<group>";
		};
		52D8BBD510DDE5460026CAF5 /* Documentation */ = {
			isa = PBXGroup;
			children = (
				52D8BBC210DDE3C00026CAF5 /* SGFimporter Prop-Attr Mapping.rtf */,
				52D8BC0A10DDE7990026CAF5 /* To Do List.rtf */,
				96400BAD10E06E4E00052C98 /* LICENSE */,
				96400BAE10E06ECE00052C98 /* AUTHORS */,
				96BB9CC810E0842600F46049 /* Readme.md */,
			);
			name = Documentation;
			sourceTree = "<group>";
		};
		52D8BC6810DECCE30026CAF5 /* Test Files */ = {
			isa = PBXGroup;
			children = (
				52D8BC6910DECD040026CAF5 /* johnVsGnu.sgf */,
				52D8BC6A10DECD040026CAF5 /* test.sgf */,
			);
			name = "Test Files";
			sourceTree = "<group>";
		};
		9665B8C51012B6C9007F87B4 /* Tools */ = {
			isa = PBXGroup;
			children = (
				9665B8C71012B6E2007F87B4 /* lemon.c */,
				9665B8C81012B6E2007F87B4 /* lempar.c */,
			);
			name = Tools;
			sourceTree = "<group>";
		};
		9665B8D61012B917007F87B4 /* SGF Parser */ = {
			isa = PBXGroup;
			children = (
				9665B8F61012BC42007F87B4 /* sgf_parser.h */,
				9665B8D71012B959007F87B4 /* sgfparse.y */,
				9665B8D81012B959007F87B4 /* sgfscan.rl */,
			);
			name = "SGF Parser";
			sourceTree = "<group>";
		};
		96BB9C2D10E07EBA00F46049 /* Config */ = {
			isa = PBXGroup;
			children = (
				96BB9C2F10E07EC700F46049 /* Project-Base.xcconfig */,
				96BB9C3010E07EC700F46049 /* Project-Coverage.xcconfig */,
				96BB9C3110E07EC700F46049 /* Project-Debug.xcconfig */,
				96BB9C3210E07EC700F46049 /* Project-Release.xcconfig */,
			);
			name = Config;
			sourceTree = "<group>";
		};
/* End PBXGroup section */

/* Begin PBXHeadersBuildPhase section */
		8D57630E048677EA00EA77CD /* Headers */ = {
			isa = PBXHeadersBuildPhase;
			buildActionMask = 2147483647;
			files = (
				9665BA141012F4D2007F87B4 /* SGFImporter.h in Headers */,
			);
			runOnlyForDeploymentPostprocessing = 0;
		};
/* End PBXHeadersBuildPhase section */

/* Begin PBXNativeTarget section */
		8D57630D048677EA00EA77CD /* Spotlight Importer */ = {
			isa = PBXNativeTarget;
			buildConfigurationList = 70138C840896BE9A00968C2F /* Build configuration list for PBXNativeTarget "Spotlight Importer" */;
			buildPhases = (
				8D57630E048677EA00EA77CD /* Headers */,
				8D57630F048677EA00EA77CD /* Resources */,
				8D576311048677EA00EA77CD /* Sources */,
				8D576313048677EA00EA77CD /* Frameworks */,
				8D576315048677EA00EA77CD /* Rez */,
			);
			buildRules = (
				9665B8FF1012BCE6007F87B4 /* PBXBuildRule */,
				9665B8D31012B740007F87B4 /* PBXBuildRule */,
			);
			dependencies = (
				9665B8CF1012B6EC007F87B4 /* PBXTargetDependency */,
			);
			name = "Spotlight Importer";
			productInstallPath = /Library/Spotlight;
			productName = SGFImporter;
			productReference = 8D576316048677EA00EA77CD /* SGF.mdimporter */;
			productType = "com.apple.product-type.bundle";
		};
		9665B8BE1012B6BB007F87B4 /* lemon */ = {
			isa = PBXNativeTarget;
			buildConfigurationList = 9665B8C61012B6C9007F87B4 /* Build configuration list for PBXNativeTarget "lemon" */;
			buildPhases = (
				9665B8BC1012B6BB007F87B4 /* Sources */,
				9665B8BD1012B6BB007F87B4 /* Frameworks */,
				9665B8E31012BA9E007F87B4 /* CopyFiles */,
			);
			buildRules = (
			);
			dependencies = (
			);
			name = lemon;
			productName = lemon;
			productReference = 9665B8BF1012B6BB007F87B4 /* lemon */;
			productType = "com.apple.product-type.tool";
		};
/* End PBXNativeTarget section */

/* Begin PBXProject section */
		089C1669FE841209C02AAC07 /* Project object */ = {
			isa = PBXProject;
			buildConfigurationList = 70138C880896BE9A00968C2F /* Build configuration list for PBXProject "SGFTools" */;
			compatibilityVersion = "Xcode 3.1";
			hasScannedForEncodings = 1;
			mainGroup = 089C166AFE841209C02AAC07 /* SGFImporter */;
			projectDirPath = "";
			projectRoot = "";
			targets = (
				8D57630D048677EA00EA77CD /* Spotlight Importer */,
				9665B8BE1012B6BB007F87B4 /* lemon */,
			);
		};
/* End PBXProject section */

/* Begin PBXResourcesBuildPhase section */
		8D57630F048677EA00EA77CD /* Resources */ = {
			isa = PBXResourcesBuildPhase;
			buildActionMask = 2147483647;
			files = (
				8D5B49A804867FD3000E48DA /* InfoPlist.strings in Resources */,
				52D8BD0D10DF1CDF0026CAF5 /* schema.xml in Resources */,
				52D8BD0E10DF1CE70026CAF5 /* schema.strings in Resources */,
				96400BAF10E06ECE00052C98 /* AUTHORS in Resources */,
			);
			runOnlyForDeploymentPostprocessing = 0;
		};
/* End PBXResourcesBuildPhase section */

/* Begin PBXRezBuildPhase section */
		8D576315048677EA00EA77CD /* Rez */ = {
			isa = PBXRezBuildPhase;
			buildActionMask = 2147483647;
			files = (
			);
			runOnlyForDeploymentPostprocessing = 0;
		};
/* End PBXRezBuildPhase section */

/* Begin PBXSourcesBuildPhase section */
		8D576311048677EA00EA77CD /* Sources */ = {
			isa = PBXSourcesBuildPhase;
			buildActionMask = 2147483647;
			files = (
				9665B9061012BD52007F87B4 /* sgfscan.rl in Sources */,
				8D576312048677EA00EA77CD /* main.c in Sources */,
				2C05A19C06CAA52B00D84F6F /* GetMetadataForFile.m in Sources */,
				9665B8D91012B95D007F87B4 /* sgfparse.y in Sources */,
				9665BA151012F4D2007F87B4 /* SGFImporter.m in Sources */,
			);
			runOnlyForDeploymentPostprocessing = 0;
		};
		9665B8BC1012B6BB007F87B4 /* Sources */ = {
			isa = PBXSourcesBuildPhase;
			buildActionMask = 2147483647;
			files = (
				9665B8C91012B6E2007F87B4 /* lemon.c in Sources */,
			);
			runOnlyForDeploymentPostprocessing = 0;
		};
/* End PBXSourcesBuildPhase section */

/* Begin PBXTargetDependency section */
		9665B8CF1012B6EC007F87B4 /* PBXTargetDependency */ = {
			isa = PBXTargetDependency;
			target = 9665B8BE1012B6BB007F87B4 /* lemon */;
			targetProxy = 9665B8CE1012B6EC007F87B4 /* PBXContainerItemProxy */;
		};
/* End PBXTargetDependency section */

/* Begin PBXVariantGroup section */
		8D5B49A704867FD3000E48DA /* InfoPlist.strings */ = {
			isa = PBXVariantGroup;
			children = (
				089C167EFE841241C02AAC07 /* English */,
			);
			name = InfoPlist.strings;
			sourceTree = "<group>";
		};
		C88FB7E30674480E006EBB30 /* schema.strings */ = {
			isa = PBXVariantGroup;
			children = (
				C88FB7DB0674470F006EBB30 /* English */,
			);
			name = schema.strings;
			sourceTree = "<group>";
		};
/* End PBXVariantGroup section */

/* Begin XCBuildConfiguration section */
		70138C850896BE9A00968C2F /* Debug */ = {
			isa = XCBuildConfiguration;
			buildSettings = {
				ALWAYS_SEARCH_USER_PATHS = YES;
				ARCHS = "$(ARCHS_STANDARD_32_64_BIT)";
				COPY_PHASE_STRIP = NO;
				GCC_PRECOMPILE_PREFIX_HEADER = NO;
				INFOPLIST_FILE = Info.plist;
				INSTALL_PATH = /Library/Spotlight;
				ONLY_ACTIVE_ARCH = YES;
				PRODUCT_NAME = SGF;
				SDKROOT = macosx10.6;
				VALID_ARCHS = "i386 x86_64";
				WRAPPER_EXTENSION = mdimporter;
			};
			name = Debug;
		};
		70138C860896BE9A00968C2F /* Release */ = {
			isa = XCBuildConfiguration;
			buildSettings = {
				ALWAYS_SEARCH_USER_PATHS = YES;
				ARCHS = "$(ARCHS_STANDARD_32_64_BIT)";
				GCC_PRECOMPILE_PREFIX_HEADER = NO;
				INFOPLIST_FILE = Info.plist;
				INSTALL_PATH = /Library/Spotlight;
				ONLY_ACTIVE_ARCH = NO;
				PRODUCT_NAME = SGF;
				SDKROOT = macosx10.6;
				VALID_ARCHS = "i386 x86_64";
				WRAPPER_EXTENSION = mdimporter;
			};
			name = Release;
		};
		70138C890896BE9A00968C2F /* Debug */ = {
			isa = XCBuildConfiguration;
			baseConfigurationReference = 96BB9C3110E07EC700F46049 /* Project-Debug.xcconfig */;
			buildSettings = {
				GCC_OPTIMIZATION_LEVEL = 0;
				ONLY_ACTIVE_ARCH = YES;
			};
			name = Debug;
		};
		70138C8A0896BE9A00968C2F /* Release */ = {
			isa = XCBuildConfiguration;
			baseConfigurationReference = 96BB9C3210E07EC700F46049 /* Project-Release.xcconfig */;
			buildSettings = {
			};
			name = Release;
		};
		9665B8C11012B6BC007F87B4 /* Debug */ = {
			isa = XCBuildConfiguration;
			buildSettings = {
				ALWAYS_SEARCH_USER_PATHS = NO;
				COPY_PHASE_STRIP = NO;
				GCC_DYNAMIC_NO_PIC = NO;
				GCC_ENABLE_FIX_AND_CONTINUE = YES;
				GCC_MODEL_TUNING = G5;
				GCC_OPTIMIZATION_LEVEL = 0;
				GCC_TREAT_WARNINGS_AS_ERRORS = NO;
				GCC_WARN_ABOUT_MISSING_PROTOTYPES = NO;
				GCC_WARN_UNUSED_FUNCTION = NO;
				INSTALL_PATH = /usr/local/bin;
				OTHER_CFLAGS = (
					"-Wdiv-by-zero",
					"-Wbad-function-cast",
				);
				PREBINDING = NO;
				PRODUCT_NAME = lemon;
				WARNING_CFLAGS = "";
			};
			name = Debug;
		};
		9665B8C21012B6BC007F87B4 /* Release */ = {
			isa = XCBuildConfiguration;
			buildSettings = {
				ALWAYS_SEARCH_USER_PATHS = NO;
				COPY_PHASE_STRIP = YES;
				DEBUG_INFORMATION_FORMAT = "dwarf-with-dsym";
				GCC_ENABLE_FIX_AND_CONTINUE = NO;
				GCC_MODEL_TUNING = G5;
				GCC_TREAT_WARNINGS_AS_ERRORS = NO;
				GCC_WARN_ABOUT_MISSING_PROTOTYPES = NO;
				GCC_WARN_UNUSED_FUNCTION = NO;
				INSTALL_PATH = /usr/local/bin;
				OTHER_CFLAGS = (
					"-Wdiv-by-zero",
					"-Wbad-function-cast",
				);
				PREBINDING = NO;
				PRODUCT_NAME = lemon;
				WARNING_CFLAGS = "";
				ZERO_LINK = NO;
			};
			name = Release;
		};
/* End XCBuildConfiguration section */

/* Begin XCConfigurationList section */
		70138C840896BE9A00968C2F /* Build configuration list for PBXNativeTarget "Spotlight Importer" */ = {
			isa = XCConfigurationList;
			buildConfigurations = (
				70138C850896BE9A00968C2F /* Debug */,
				70138C860896BE9A00968C2F /* Release */,
			);
			defaultConfigurationIsVisible = 0;
			defaultConfigurationName = Release;
		};
		70138C880896BE9A00968C2F /* Build configuration list for PBXProject "SGFTools" */ = {
			isa = XCConfigurationList;
			buildConfigurations = (
				70138C890896BE9A00968C2F /* Debug */,
				70138C8A0896BE9A00968C2F /* Release */,
			);
			defaultConfigurationIsVisible = 0;
			defaultConfigurationName = Release;
		};
		9665B8C61012B6C9007F87B4 /* Build configuration list for PBXNativeTarget "lemon" */ = {
			isa = XCConfigurationList;
			buildConfigurations = (
				9665B8C11012B6BC007F87B4 /* Debug */,
				9665B8C21012B6BC007F87B4 /* Release */,
			);
			defaultConfigurationIsVisible = 0;
			defaultConfigurationName = Release;
		};
/* End XCConfigurationList section */
	};
	rootObject = 089C1669FE841209C02AAC07 /* Project object */;
}
